
Microsoft Visual Studio Solution File, Format Version 12.00
# Visual Studio 15
VisualStudioVersion = 15.0.26730.12
MinimumVisualStudioVersion = 10.0.40219.1
Project("{FAE04EC0-301F-11D3-BF4B-00C04F79EFBC}") = "Metropolis", "src\Metropolis\Metropolis.csproj", "{B90DA606-DD50-4859-ADF0-EABBA51A57B1}"
EndProject
Project("{FAE04EC0-301F-11D3-BF4B-00C04F79EFBC}") = "Metropolis.Test", "test\Metropolis.Test\Metropolis.Test.csproj", "{8CB43BB9-3E40-4A5F-84D3-342BFA2EE05A}"
EndProject
Project("{2150E333-8FDC-42A3-9474-1A3956D46DE8}") = "Solution Items", "Solution Items", "{94A29043-E93C-4445-9FC3-832DE772A29D}"
	ProjectSection(SolutionItems) = preProject
		.gitignore = .gitignore
		gulpfile.js = gulpfile.js
		LICENSE = LICENSE
		metro-install.ps1 = metro-install.ps1
		metro-uninstall.ps1 = metro-uninstall.ps1
		package.json = package.json
		readme.md = readme.md
	EndProjectSection
EndProject
Project("{FAE04EC0-301F-11D3-BF4B-00C04F79EFBC}") = "Metropolis.Api", "src\Metropolis.Api\Metropolis.Api.csproj", "{D6EDB7C6-34CD-4EB9-9579-8BB68514BEC6}"
EndProject
Project("{FAE04EC0-301F-11D3-BF4B-00C04F79EFBC}") = "Metropolis.Console", "src\Metropolis.Cli.Console\Metropolis.Console.csproj", "{C0D26BF3-1ED1-4A23-90B4-E62358616503}"
EndProject
Project("{FAE04EC0-301F-11D3-BF4B-00C04F79EFBC}") = "Metropolis.Common", "src\Metropolis.Common\Metropolis.Common.csproj", "{867E868A-B77F-42DD-BD08-83BBADF9E847}"
EndProject
Project("{FAE04EC0-301F-11D3-BF4B-00C04F79EFBC}") = "Metropolis.UI.MVVM.Core", "src\Metropolis.UI.MVVM.Core\Metropolis.UI.MVVM.Core.csproj", "{31D7792C-8339-4C32-8C91-123C9B248B83}"
EndProject
Project("{FAE04EC0-301F-11D3-BF4B-00C04F79EFBC}") = "Metropolis.UI.MVVM.UWP", "src\Metropolis.UI.MVVM.UWP\Metropolis.UI.MVVM.UWP.csproj", "{A8353786-6AC8-4E69-AEC1-DB451D983AD2}"
EndProject
Project("{FAE04EC0-301F-11D3-BF4B-00C04F79EFBC}") = "Metropolis.UI.MVVM.WPF", "src\Metropolis.UI.MVVM.WPF\Metropolis.UI.MVVM.WPF.csproj", "{9DA7FA80-ECE5-4345-AB02-C92E9DD4A184}"
EndProject
Project("{FAE04EC0-301F-11D3-BF4B-00C04F79EFBC}") = "Metropolis.UI.3D", "src\Metropolis.UI.3D\Metropolis.UI.3D.csproj", "{28D53277-BF39-4211-9120-DFE1639FE439}"
EndProject
Global
	GlobalSection(SolutionConfigurationPlatforms) = preSolution
		Debug|Any CPU = Debug|Any CPU
		Debug|ARM = Debug|ARM
		Debug|x64 = Debug|x64
		Debug|x86 = Debug|x86
		Release|Any CPU = Release|Any CPU
		Release|ARM = Release|ARM
		Release|x64 = Release|x64
		Release|x86 = Release|x86
	EndGlobalSection
	GlobalSection(ProjectConfigurationPlatforms) = postSolution
		{B90DA606-DD50-4859-ADF0-EABBA51A57B1}.Debug|Any CPU.ActiveCfg = Debug|Any CPU
		{B90DA606-DD50-4859-ADF0-EABBA51A57B1}.Debug|Any CPU.Build.0 = Debug|Any CPU
		{B90DA606-DD50-4859-ADF0-EABBA51A57B1}.Debug|ARM.ActiveCfg = Debug|Any CPU
		{B90DA606-DD50-4859-ADF0-EABBA51A57B1}.Debug|ARM.Build.0 = Debug|Any CPU
		{B90DA606-DD50-4859-ADF0-EABBA51A57B1}.Debug|x64.ActiveCfg = Debug|Any CPU
		{B90DA606-DD50-4859-ADF0-EABBA51A57B1}.Debug|x64.Build.0 = Debug|Any CPU
		{B90DA606-DD50-4859-ADF0-EABBA51A57B1}.Debug|x86.ActiveCfg = Debug|Any CPU
		{B90DA606-DD50-4859-ADF0-EABBA51A57B1}.Debug|x86.Build.0 = Debug|Any CPU
		{B90DA606-DD50-4859-ADF0-EABBA51A57B1}.Release|Any CPU.ActiveCfg = Release|Any CPU
		{B90DA606-DD50-4859-ADF0-EABBA51A57B1}.Release|Any CPU.Build.0 = Release|Any CPU
		{B90DA606-DD50-4859-ADF0-EABBA51A57B1}.Release|ARM.ActiveCfg = Release|Any CPU
		{B90DA606-DD50-4859-ADF0-EABBA51A57B1}.Release|ARM.Build.0 = Release|Any CPU
		{B90DA606-DD50-4859-ADF0-EABBA51A57B1}.Release|x64.ActiveCfg = Release|Any CPU
		{B90DA606-DD50-4859-ADF0-EABBA51A57B1}.Release|x64.Build.0 = Release|Any CPU
		{B90DA606-DD50-4859-ADF0-EABBA51A57B1}.Release|x86.ActiveCfg = Release|Any CPU
		{B90DA606-DD50-4859-ADF0-EABBA51A57B1}.Release|x86.Build.0 = Release|Any CPU
		{8CB43BB9-3E40-4A5F-84D3-342BFA2EE05A}.Debug|Any CPU.ActiveCfg = Debug|Any CPU
		{8CB43BB9-3E40-4A5F-84D3-342BFA2EE05A}.Debug|Any CPU.Build.0 = Debug|Any CPU
		{8CB43BB9-3E40-4A5F-84D3-342BFA2EE05A}.Debug|ARM.ActiveCfg = Debug|Any CPU
		{8CB43BB9-3E40-4A5F-84D3-342BFA2EE05A}.Debug|ARM.Build.0 = Debug|Any CPU
		{8CB43BB9-3E40-4A5F-84D3-342BFA2EE05A}.Debug|x64.ActiveCfg = Debug|Any CPU
		{8CB43BB9-3E40-4A5F-84D3-342BFA2EE05A}.Debug|x64.Build.0 = Debug|Any CPU
		{8CB43BB9-3E40-4A5F-84D3-342BFA2EE05A}.Debug|x86.ActiveCfg = Debug|Any CPU
		{8CB43BB9-3E40-4A5F-84D3-342BFA2EE05A}.Debug|x86.Build.0 = Debug|Any CPU
		{8CB43BB9-3E40-4A5F-84D3-342BFA2EE05A}.Release|Any CPU.ActiveCfg = Release|Any CPU
		{8CB43BB9-3E40-4A5F-84D3-342BFA2EE05A}.Release|Any CPU.Build.0 = Release|Any CPU
		{8CB43BB9-3E40-4A5F-84D3-342BFA2EE05A}.Release|ARM.ActiveCfg = Release|Any CPU
		{8CB43BB9-3E40-4A5F-84D3-342BFA2EE05A}.Release|ARM.Build.0 = Release|Any CPU
		{8CB43BB9-3E40-4A5F-84D3-342BFA2EE05A}.Release|x64.ActiveCfg = Release|Any CPU
		{8CB43BB9-3E40-4A5F-84D3-342BFA2EE05A}.Release|x64.Build.0 = Release|Any CPU
		{8CB43BB9-3E40-4A5F-84D3-342BFA2EE05A}.Release|x86.ActiveCfg = Release|Any CPU
		{8CB43BB9-3E40-4A5F-84D3-342BFA2EE05A}.Release|x86.Build.0 = Release|Any CPU
		{D6EDB7C6-34CD-4EB9-9579-8BB68514BEC6}.Debug|Any CPU.ActiveCfg = Debug|Any CPU
		{D6EDB7C6-34CD-4EB9-9579-8BB68514BEC6}.Debug|Any CPU.Build.0 = Debug|Any CPU
		{D6EDB7C6-34CD-4EB9-9579-8BB68514BEC6}.Debug|ARM.ActiveCfg = Debug|Any CPU
		{D6EDB7C6-34CD-4EB9-9579-8BB68514BEC6}.Debug|ARM.Build.0 = Debug|Any CPU
		{D6EDB7C6-34CD-4EB9-9579-8BB68514BEC6}.Debug|x64.ActiveCfg = Debug|Any CPU
		{D6EDB7C6-34CD-4EB9-9579-8BB68514BEC6}.Debug|x64.Build.0 = Debug|Any CPU
		{D6EDB7C6-34CD-4EB9-9579-8BB68514BEC6}.Debug|x86.ActiveCfg = Debug|Any CPU
		{D6EDB7C6-34CD-4EB9-9579-8BB68514BEC6}.Debug|x86.Build.0 = Debug|Any CPU
		{D6EDB7C6-34CD-4EB9-9579-8BB68514BEC6}.Release|Any CPU.ActiveCfg = Release|Any CPU
		{D6EDB7C6-34CD-4EB9-9579-8BB68514BEC6}.Release|Any CPU.Build.0 = Release|Any CPU
		{D6EDB7C6-34CD-4EB9-9579-8BB68514BEC6}.Release|ARM.ActiveCfg = Release|Any CPU
		{D6EDB7C6-34CD-4EB9-9579-8BB68514BEC6}.Release|ARM.Build.0 = Release|Any CPU
		{D6EDB7C6-34CD-4EB9-9579-8BB68514BEC6}.Release|x64.ActiveCfg = Release|Any CPU
		{D6EDB7C6-34CD-4EB9-9579-8BB68514BEC6}.Release|x64.Build.0 = Release|Any CPU
		{D6EDB7C6-34CD-4EB9-9579-8BB68514BEC6}.Release|x86.ActiveCfg = Release|Any CPU
		{D6EDB7C6-34CD-4EB9-9579-8BB68514BEC6}.Release|x86.Build.0 = Release|Any CPU
		{C0D26BF3-1ED1-4A23-90B4-E62358616503}.Debug|Any CPU.ActiveCfg = Debug|Any CPU
		{C0D26BF3-1ED1-4A23-90B4-E62358616503}.Debug|Any CPU.Build.0 = Debug|Any CPU
		{C0D26BF3-1ED1-4A23-90B4-E62358616503}.Debug|ARM.ActiveCfg = Debug|Any CPU
		{C0D26BF3-1ED1-4A23-90B4-E62358616503}.Debug|ARM.Build.0 = Debug|Any CPU
		{C0D26BF3-1ED1-4A23-90B4-E62358616503}.Debug|x64.ActiveCfg = Debug|Any CPU
		{C0D26BF3-1ED1-4A23-90B4-E62358616503}.Debug|x64.Build.0 = Debug|Any CPU
		{C0D26BF3-1ED1-4A23-90B4-E62358616503}.Debug|x86.ActiveCfg = Debug|Any CPU
		{C0D26BF3-1ED1-4A23-90B4-E62358616503}.Debug|x86.Build.0 = Debug|Any CPU
		{C0D26BF3-1ED1-4A23-90B4-E62358616503}.Release|Any CPU.ActiveCfg = Release|Any CPU
		{C0D26BF3-1ED1-4A23-90B4-E62358616503}.Release|Any CPU.Build.0 = Release|Any CPU
		{C0D26BF3-1ED1-4A23-90B4-E62358616503}.Release|ARM.ActiveCfg = Release|Any CPU
		{C0D26BF3-1ED1-4A23-90B4-E62358616503}.Release|ARM.Build.0 = Release|Any CPU
		{C0D26BF3-1ED1-4A23-90B4-E62358616503}.Release|x64.ActiveCfg = Release|Any CPU
		{C0D26BF3-1ED1-4A23-90B4-E62358616503}.Release|x64.Build.0 = Release|Any CPU
		{C0D26BF3-1ED1-4A23-90B4-E62358616503}.Release|x86.ActiveCfg = Release|Any CPU
		{C0D26BF3-1ED1-4A23-90B4-E62358616503}.Release|x86.Build.0 = Release|Any CPU
		{867E868A-B77F-42DD-BD08-83BBADF9E847}.Debug|Any CPU.ActiveCfg = Debug|Any CPU
		{867E868A-B77F-42DD-BD08-83BBADF9E847}.Debug|Any CPU.Build.0 = Debug|Any CPU
		{867E868A-B77F-42DD-BD08-83BBADF9E847}.Debug|ARM.ActiveCfg = Debug|Any CPU
		{867E868A-B77F-42DD-BD08-83BBADF9E847}.Debug|ARM.Build.0 = Debug|Any CPU
		{867E868A-B77F-42DD-BD08-83BBADF9E847}.Debug|x64.ActiveCfg = Debug|Any CPU
		{867E868A-B77F-42DD-BD08-83BBADF9E847}.Debug|x64.Build.0 = Debug|Any CPU
		{867E868A-B77F-42DD-BD08-83BBADF9E847}.Debug|x86.ActiveCfg = Debug|Any CPU
		{867E868A-B77F-42DD-BD08-83BBADF9E847}.Debug|x86.Build.0 = Debug|Any CPU
		{867E868A-B77F-42DD-BD08-83BBADF9E847}.Release|Any CPU.ActiveCfg = Release|Any CPU
		{867E868A-B77F-42DD-BD08-83BBADF9E847}.Release|Any CPU.Build.0 = Release|Any CPU
		{867E868A-B77F-42DD-BD08-83BBADF9E847}.Release|ARM.ActiveCfg = Release|Any CPU
		{867E868A-B77F-42DD-BD08-83BBADF9E847}.Release|ARM.Build.0 = Release|Any CPU
		{867E868A-B77F-42DD-BD08-83BBADF9E847}.Release|x64.ActiveCfg = Release|Any CPU
		{867E868A-B77F-42DD-BD08-83BBADF9E847}.Release|x64.Build.0 = Release|Any CPU
		{867E868A-B77F-42DD-BD08-83BBADF9E847}.Release|x86.ActiveCfg = Release|Any CPU
		{867E868A-B77F-42DD-BD08-83BBADF9E847}.Release|x86.Build.0 = Release|Any CPU
		{31D7792C-8339-4C32-8C91-123C9B248B83}.Debug|Any CPU.ActiveCfg = Debug|Any CPU
		{31D7792C-8339-4C32-8C91-123C9B248B83}.Debug|Any CPU.Build.0 = Debug|Any CPU
		{31D7792C-8339-4C32-8C91-123C9B248B83}.Debug|ARM.ActiveCfg = Debug|Any CPU
		{31D7792C-8339-4C32-8C91-123C9B248B83}.Debug|ARM.Build.0 = Debug|Any CPU
		{31D7792C-8339-4C32-8C91-123C9B248B83}.Debug|x64.ActiveCfg = Debug|Any CPU
		{31D7792C-8339-4C32-8C91-123C9B248B83}.Debug|x64.Build.0 = Debug|Any CPU
		{31D7792C-8339-4C32-8C91-123C9B248B83}.Debug|x86.ActiveCfg = Debug|Any CPU
		{31D7792C-8339-4C32-8C91-123C9B248B83}.Debug|x86.Build.0 = Debug|Any CPU
		{31D7792C-8339-4C32-8C91-123C9B248B83}.Release|Any CPU.ActiveCfg = Release|Any CPU
		{31D7792C-8339-4C32-8C91-123C9B248B83}.Release|Any CPU.Build.0 = Release|Any CPU
		{31D7792C-8339-4C32-8C91-123C9B248B83}.Release|ARM.ActiveCfg = Release|Any CPU
		{31D7792C-8339-4C32-8C91-123C9B248B83}.Release|ARM.Build.0 = Release|Any CPU
		{31D7792C-8339-4C32-8C91-123C9B248B83}.Release|x64.ActiveCfg = Release|Any CPU
		{31D7792C-8339-4C32-8C91-123C9B248B83}.Release|x64.Build.0 = Release|Any CPU
		{31D7792C-8339-4C32-8C91-123C9B248B83}.Release|x86.ActiveCfg = Release|Any CPU
		{31D7792C-8339-4C32-8C91-123C9B248B83}.Release|x86.Build.0 = Release|Any CPU
		{A8353786-6AC8-4E69-AEC1-DB451D983AD2}.Debug|Any CPU.ActiveCfg = Debug|x86
		{A8353786-6AC8-4E69-AEC1-DB451D983AD2}.Debug|ARM.ActiveCfg = Debug|ARM
		{A8353786-6AC8-4E69-AEC1-DB451D983AD2}.Debug|ARM.Build.0 = Debug|ARM
		{A8353786-6AC8-4E69-AEC1-DB451D983AD2}.Debug|ARM.Deploy.0 = Debug|ARM
		{A8353786-6AC8-4E69-AEC1-DB451D983AD2}.Debug|x64.ActiveCfg = Debug|x64
		{A8353786-6AC8-4E69-AEC1-DB451D983AD2}.Debug|x64.Build.0 = Debug|x64
		{A8353786-6AC8-4E69-AEC1-DB451D983AD2}.Debug|x64.Deploy.0 = Debug|x64
		{A8353786-6AC8-4E69-AEC1-DB451D983AD2}.Debug|x86.ActiveCfg = Debug|x86
		{A8353786-6AC8-4E69-AEC1-DB451D983AD2}.Debug|x86.Build.0 = Debug|x86
		{A8353786-6AC8-4E69-AEC1-DB451D983AD2}.Debug|x86.Deploy.0 = Debug|x86
		{A8353786-6AC8-4E69-AEC1-DB451D983AD2}.Release|Any CPU.ActiveCfg = Release|x86
		{A8353786-6AC8-4E69-AEC1-DB451D983AD2}.Release|ARM.ActiveCfg = Release|ARM
		{A8353786-6AC8-4E69-AEC1-DB451D983AD2}.Release|ARM.Build.0 = Release|ARM
		{A8353786-6AC8-4E69-AEC1-DB451D983AD2}.Release|ARM.Deploy.0 = Release|ARM
		{A8353786-6AC8-4E69-AEC1-DB451D983AD2}.Release|x64.ActiveCfg = Release|x64
		{A8353786-6AC8-4E69-AEC1-DB451D983AD2}.Release|x64.Build.0 = Release|x64
		{A8353786-6AC8-4E69-AEC1-DB451D983AD2}.Release|x64.Deploy.0 = Release|x64
		{A8353786-6AC8-4E69-AEC1-DB451D983AD2}.Release|x86.ActiveCfg = Release|x86
		{A8353786-6AC8-4E69-AEC1-DB451D983AD2}.Release|x86.Build.0 = Release|x86
		{A8353786-6AC8-4E69-AEC1-DB451D983AD2}.Release|x86.Deploy.0 = Release|x86
		{9DA7FA80-ECE5-4345-AB02-C92E9DD4A184}.Debug|Any CPU.ActiveCfg = Debug|Any CPU
		{9DA7FA80-ECE5-4345-AB02-C92E9DD4A184}.Debug|Any CPU.Build.0 = Debug|Any CPU
		{9DA7FA80-ECE5-4345-AB02-C92E9DD4A184}.Debug|ARM.ActiveCfg = Debug|Any CPU
		{9DA7FA80-ECE5-4345-AB02-C92E9DD4A184}.Debug|ARM.Build.0 = Debug|Any CPU
		{9DA7FA80-ECE5-4345-AB02-C92E9DD4A184}.Debug|x64.ActiveCfg = Debug|Any CPU
		{9DA7FA80-ECE5-4345-AB02-C92E9DD4A184}.Debug|x64.Build.0 = Debug|Any CPU
		{9DA7FA80-ECE5-4345-AB02-C92E9DD4A184}.Debug|x86.ActiveCfg = Debug|Any CPU
		{9DA7FA80-ECE5-4345-AB02-C92E9DD4A184}.Debug|x86.Build.0 = Debug|Any CPU
		{9DA7FA80-ECE5-4345-AB02-C92E9DD4A184}.Release|Any CPU.ActiveCfg = Release|Any CPU
		{9DA7FA80-ECE5-4345-AB02-C92E9DD4A184}.Release|Any CPU.Build.0 = Release|Any CPU
		{9DA7FA80-ECE5-4345-AB02-C92E9DD4A184}.Release|ARM.ActiveCfg = Release|Any CPU
		{9DA7FA80-ECE5-4345-AB02-C92E9DD4A184}.Release|ARM.Build.0 = Release|Any CPU
		{9DA7FA80-ECE5-4345-AB02-C92E9DD4A184}.Release|x64.ActiveCfg = Release|Any CPU
		{9DA7FA80-ECE5-4345-AB02-C92E9DD4A184}.Release|x64.Build.0 = Release|Any CPU
		{9DA7FA80-ECE5-4345-AB02-C92E9DD4A184}.Release|x86.ActiveCfg = Release|Any CPU
		{9DA7FA80-ECE5-4345-AB02-C92E9DD4A184}.Release|x86.Build.0 = Release|Any CPU
		{28D53277-BF39-4211-9120-DFE1639FE439}.Debug|Any CPU.ActiveCfg = Debug|Any CPU
		{28D53277-BF39-4211-9120-DFE1639FE439}.Debug|Any CPU.Build.0 = Debug|Any CPU
		{28D53277-BF39-4211-9120-DFE1639FE439}.Debug|ARM.ActiveCfg = Debug|Any CPU
		{28D53277-BF39-4211-9120-DFE1639FE439}.Debug|ARM.Build.0 = Debug|Any CPU
		{28D53277-BF39-4211-9120-DFE1639FE439}.Debug|x64.ActiveCfg = Debug|Any CPU
		{28D53277-BF39-4211-9120-DFE1639FE439}.Debug|x64.Build.0 = Debug|Any CPU
		{28D53277-BF39-4211-9120-DFE1639FE439}.Debug|x86.ActiveCfg = Debug|Any CPU
		{28D53277-BF39-4211-9120-DFE1639FE439}.Debug|x86.Build.0 = Debug|Any CPU
		{28D53277-BF39-4211-9120-DFE1639FE439}.Release|Any CPU.ActiveCfg = Release|Any CPU
		{28D53277-BF39-4211-9120-DFE1639FE439}.Release|Any CPU.Build.0 = Release|Any CPU
		{28D53277-BF39-4211-9120-DFE1639FE439}.Release|ARM.ActiveCfg = Release|Any CPU
		{28D53277-BF39-4211-9120-DFE1639FE439}.Release|ARM.Build.0 = Release|Any CPU
		{28D53277-BF39-4211-9120-DFE1639FE439}.Release|x64.ActiveCfg = Release|Any CPU
		{28D53277-BF39-4211-9120-DFE1639FE439}.Release|x64.Build.0 = Release|Any CPU
		{28D53277-BF39-4211-9120-DFE1639FE439}.Release|x86.ActiveCfg = Release|Any CPU
		{28D53277-BF39-4211-9120-DFE1639FE439}.Release|x86.Build.0 = Release|Any CPU
	EndGlobalSection
	GlobalSection(SolutionProperties) = preSolution
		HideSolutionNode = FALSE
	EndGlobalSection
	GlobalSection(ExtensibilityGlobals) = postSolution
		SolutionGuid = {4FDD7FE1-37A5-4EAD-866C-4E9269A405D4}
	EndGlobalSection
EndGlobal
