Microsoft Visual Studio Solution File, Format Version 12.00
Project("40270c9f-944c-4f63-aaff-9c34fc4884d3") = "AcceptanceTests", "AcceptanceTests.csproj", "604d44fe-cd99-42e9-be93-df509ad798f0"
EndProject
Global
	GlobalSection(SolutionConfigurationPlatforms) = preSolution
		Debug|Any CPU = Debug|Any CPU
		Release|Any CPU = Release|Any CPU
	EndGlobalSection
	GlobalSection(ProjectConfigurationPlatforms) = postSolution
		604d44fe-cd99-42e9-be93-df509ad798f0.Debug|Any CPU.ActiveCfg = Debug|Any CPU
		604d44fe-cd99-42e9-be93-df509ad798f0.Debug|Any CPU.Build.0 = Debug|Any CPU
		604d44fe-cd99-42e9-be93-df509ad798f0.Release|Any CPU.ActiveCfg = Release|Any CPU
		604d44fe-cd99-42e9-be93-df509ad798f0.Release|Any CPU.Build.0 = Release|Any CPU
	EndGlobalSection
	GlobalSection(SolutionProperties) = preSolution
		HideSolutionNode = FALSE
	EndGlobalSection
EndGlobal